// !$*UTF8*$!
{
	archiveVersion = 1;
	classes = {
	};
	objectVersion = 46;
	objects = {

/* Begin PBXBuildFile section */
		1A2B44F41B1391A600F4EC12 /* AppDelegate.swift in Sources */ = {isa = PBXBuildFile; fileRef = 1A2B44F31B1391A600F4EC12 /* AppDelegate.swift */; };
		1A2B44F61B1391A600F4EC12 /* ViewController.swift in Sources */ = {isa = PBXBuildFile; fileRef = 1A2B44F51B1391A600F4EC12 /* ViewController.swift */; };
		1A2B44F91B1391A600F4EC12 /* Main.storyboard in Resources */ = {isa = PBXBuildFile; fileRef = 1A2B44F71B1391A600F4EC12 /* Main.storyboard */; };
		1A2B44FB1B1391A600F4EC12 /* Images.xcassets in Resources */ = {isa = PBXBuildFile; fileRef = 1A2B44FA1B1391A600F4EC12 /* Images.xcassets */; };
		1A2B44FE1B1391A700F4EC12 /* LaunchScreen.xib in Resources */ = {isa = PBXBuildFile; fileRef = 1A2B44FC1B1391A700F4EC12 /* LaunchScreen.xib */; };
		1A2B450A1B1391A700F4EC12 /* TinderCloneAssignmentTests.swift in Sources */ = {isa = PBXBuildFile; fileRef = 1A2B45091B1391A700F4EC12 /* TinderCloneAssignmentTests.swift */; };
		1A2B45141B13923100F4EC12 /* LoginViewController.swift in Sources */ = {isa = PBXBuildFile; fileRef = 1A2B45131B13923100F4EC12 /* LoginViewController.swift */; };
		1A2B451A1B13943100F4EC12 /* FBSDKCoreKit.framework in Frameworks */ = {isa = PBXBuildFile; fileRef = 1A2B45171B13943100F4EC12 /* FBSDKCoreKit.framework */; };
		1A2B451B1B13943100F4EC12 /* FBSDKLoginKit.framework in Frameworks */ = {isa = PBXBuildFile; fileRef = 1A2B45181B13943100F4EC12 /* FBSDKLoginKit.framework */; };
		1A2B451C1B13943100F4EC12 /* FBSDKShareKit.framework in Frameworks */ = {isa = PBXBuildFile; fileRef = 1A2B45191B13943100F4EC12 /* FBSDKShareKit.framework */; };
		1A2B45201B1394E400F4EC12 /* Bolts.framework in Frameworks */ = {isa = PBXBuildFile; fileRef = 1A2B451D1B1394E400F4EC12 /* Bolts.framework */; };
		1A2B45211B1394E400F4EC12 /* Parse.framework in Frameworks */ = {isa = PBXBuildFile; fileRef = 1A2B451E1B1394E400F4EC12 /* Parse.framework */; };
		1A2B45221B1394E400F4EC12 /* ParseFacebookUtilsV4.framework in Frameworks */ = {isa = PBXBuildFile; fileRef = 1A2B451F1B1394E400F4EC12 /* ParseFacebookUtilsV4.framework */; };
		1A2B45241B1394F600F4EC12 /* CoreLocation.framework in Frameworks */ = {isa = PBXBuildFile; fileRef = 1A2B45231B1394F600F4EC12 /* CoreLocation.framework */; };
		1A2B45261B13950A00F4EC12 /* libz.1.1.3.dylib in Frameworks */ = {isa = PBXBuildFile; fileRef = 1A2B45251B13950A00F4EC12 /* libz.1.1.3.dylib */; };
		1A2B45281B13951600F4EC12 /* libsqlite3.dylib in Frameworks */ = {isa = PBXBuildFile; fileRef = 1A2B45271B13951600F4EC12 /* libsqlite3.dylib */; };
		1A2B452C1B13961400F4EC12 /* ParseCrashReporting.framework in Frameworks */ = {isa = PBXBuildFile; fileRef = 1A2B452A1B13961400F4EC12 /* ParseCrashReporting.framework */; };
		1A2B452D1B13961400F4EC12 /* ParseUI.framework in Frameworks */ = {isa = PBXBuildFile; fileRef = 1A2B452B1B13961400F4EC12 /* ParseUI.framework */; };
		1A2B452F1B13965100F4EC12 /* SystemConfiguration.framework in Frameworks */ = {isa = PBXBuildFile; fileRef = 1A2B452E1B13965100F4EC12 /* SystemConfiguration.framework */; };
		1A2B45311B13969D00F4EC12 /* MobileCoreServices.framework in Frameworks */ = {isa = PBXBuildFile; fileRef = 1A2B45301B13969D00F4EC12 /* MobileCoreServices.framework */; };
		1A2B45331B1396B100F4EC12 /* libstdc++.6.dylib in Frameworks */ = {isa = PBXBuildFile; fileRef = 1A2B45321B1396B100F4EC12 /* libstdc++.6.dylib */; };
		1A2B45361B13A29400F4EC12 /* ParseFacebookUtils.framework in Frameworks */ = {isa = PBXBuildFile; fileRef = 1A2B45351B13A29400F4EC12 /* ParseFacebookUtils.framework */; };
/* End PBXBuildFile section */

/* Begin PBXContainerItemProxy section */
		1A2B45041B1391A700F4EC12 /* PBXContainerItemProxy */ = {
			isa = PBXContainerItemProxy;
			containerPortal = 1A2B44E61B1391A600F4EC12 /* Project object */;
			proxyType = 1;
			remoteGlobalIDString = 1A2B44ED1B1391A600F4EC12;
			remoteInfo = TinderCloneAssignment;
		};
/* End PBXContainerItemProxy section */

/* Begin PBXFileReference section */
		1A2B44EE1B1391A600F4EC12 /* TinderCloneAssignment.app */ = {isa = PBXFileReference; explicitFileType = wrapper.application; includeInIndex = 0; path = TinderCloneAssignment.app; sourceTree = BUILT_PRODUCTS_DIR; };
		1A2B44F21B1391A600F4EC12 /* Info.plist */ = {isa = PBXFileReference; lastKnownFileType = text.plist.xml; path = Info.plist; sourceTree = "<group>"; };
		1A2B44F31B1391A600F4EC12 /* AppDelegate.swift */ = {isa = PBXFileReference; lastKnownFileType = sourcecode.swift; path = AppDelegate.swift; sourceTree = "<group>"; };
		1A2B44F51B1391A600F4EC12 /* ViewController.swift */ = {isa = PBXFileReference; lastKnownFileType = sourcecode.swift; path = ViewController.swift; sourceTree = "<group>"; };
		1A2B44F81B1391A600F4EC12 /* Base */ = {isa = PBXFileReference; lastKnownFileType = file.storyboard; name = Base; path = Base.lproj/Main.storyboard; sourceTree = "<group>"; };
		1A2B44FA1B1391A600F4EC12 /* Images.xcassets */ = {isa = PBXFileReference; lastKnownFileType = folder.assetcatalog; path = Images.xcassets; sourceTree = "<group>"; };
		1A2B44FD1B1391A700F4EC12 /* Base */ = {isa = PBXFileReference; lastKnownFileType = file.xib; name = Base; path = Base.lproj/LaunchScreen.xib; sourceTree = "<group>"; };
		1A2B45031B1391A700F4EC12 /* TinderCloneAssignmentTests.xctest */ = {isa = PBXFileReference; explicitFileType = wrapper.cfbundle; includeInIndex = 0; path = TinderCloneAssignmentTests.xctest; sourceTree = BUILT_PRODUCTS_DIR; };
		1A2B45081B1391A700F4EC12 /* Info.plist */ = {isa = PBXFileReference; lastKnownFileType = text.plist.xml; path = Info.plist; sourceTree = "<group>"; };
		1A2B45091B1391A700F4EC12 /* TinderCloneAssignmentTests.swift */ = {isa = PBXFileReference; lastKnownFileType = sourcecode.swift; path = TinderCloneAssignmentTests.swift; sourceTree = "<group>"; };
		1A2B45131B13923100F4EC12 /* LoginViewController.swift */ = {isa = PBXFileReference; fileEncoding = 4; lastKnownFileType = sourcecode.swift; path = LoginViewController.swift; sourceTree = "<group>"; };
		1A2B45171B13943100F4EC12 /* FBSDKCoreKit.framework */ = {isa = PBXFileReference; lastKnownFileType = wrapper.framework; name = FBSDKCoreKit.framework; path = TinderCloneAssignment/FBSDKCoreKit.framework; sourceTree = "<group>"; };
		1A2B45181B13943100F4EC12 /* FBSDKLoginKit.framework */ = {isa = PBXFileReference; lastKnownFileType = wrapper.framework; name = FBSDKLoginKit.framework; path = TinderCloneAssignment/FBSDKLoginKit.framework; sourceTree = "<group>"; };
		1A2B45191B13943100F4EC12 /* FBSDKShareKit.framework */ = {isa = PBXFileReference; lastKnownFileType = wrapper.framework; name = FBSDKShareKit.framework; path = TinderCloneAssignment/FBSDKShareKit.framework; sourceTree = "<group>"; };
		1A2B451D1B1394E400F4EC12 /* Bolts.framework */ = {isa = PBXFileReference; lastKnownFileType = wrapper.framework; name = Bolts.framework; path = TinderCloneAssignment/Bolts.framework; sourceTree = "<group>"; };
		1A2B451E1B1394E400F4EC12 /* Parse.framework */ = {isa = PBXFileReference; lastKnownFileType = wrapper.framework; name = Parse.framework; path = TinderCloneAssignment/Parse.framework; sourceTree = "<group>"; };
		1A2B451F1B1394E400F4EC12 /* ParseFacebookUtilsV4.framework */ = {isa = PBXFileReference; lastKnownFileType = wrapper.framework; name = ParseFacebookUtilsV4.framework; path = TinderCloneAssignment/ParseFacebookUtilsV4.framework; sourceTree = "<group>"; };
		1A2B45231B1394F600F4EC12 /* CoreLocation.framework */ = {isa = PBXFileReference; lastKnownFileType = wrapper.framework; name = CoreLocation.framework; path = System/Library/Frameworks/CoreLocation.framework; sourceTree = SDKROOT; };
		1A2B45251B13950A00F4EC12 /* libz.1.1.3.dylib */ = {isa = PBXFileReference; lastKnownFileType = "compiled.mach-o.dylib"; name = libz.1.1.3.dylib; path = usr/lib/libz.1.1.3.dylib; sourceTree = SDKROOT; };
		1A2B45271B13951600F4EC12 /* libsqlite3.dylib */ = {isa = PBXFileReference; lastKnownFileType = "compiled.mach-o.dylib"; name = libsqlite3.dylib; path = usr/lib/libsqlite3.dylib; sourceTree = SDKROOT; };
		1A2B452A1B13961400F4EC12 /* ParseCrashReporting.framework */ = {isa = PBXFileReference; lastKnownFileType = wrapper.framework; path = ParseCrashReporting.framework; sourceTree = "<group>"; };
		1A2B452B1B13961400F4EC12 /* ParseUI.framework */ = {isa = PBXFileReference; lastKnownFileType = wrapper.framework; path = ParseUI.framework; sourceTree = "<group>"; };
		1A2B452E1B13965100F4EC12 /* SystemConfiguration.framework */ = {isa = PBXFileReference; lastKnownFileType = wrapper.framework; name = SystemConfiguration.framework; path = System/Library/Frameworks/SystemConfiguration.framework; sourceTree = SDKROOT; };
		1A2B45301B13969D00F4EC12 /* MobileCoreServices.framework */ = {isa = PBXFileReference; lastKnownFileType = wrapper.framework; name = MobileCoreServices.framework; path = System/Library/Frameworks/MobileCoreServices.framework; sourceTree = SDKROOT; };
		1A2B45321B1396B100F4EC12 /* libstdc++.6.dylib */ = {isa = PBXFileReference; lastKnownFileType = "compiled.mach-o.dylib"; name = "libstdc++.6.dylib"; path = "usr/lib/libstdc++.6.dylib"; sourceTree = SDKROOT; };
		1A2B45341B13982C00F4EC12 /* TinderCloneAssignment-Bridging-Header.old.h */ = {isa = PBXFileReference; lastKnownFileType = sourcecode.c.h; path = "TinderCloneAssignment-Bridging-Header.old.h"; sourceTree = "<group>"; };
		1A2B45351B13A29400F4EC12 /* ParseFacebookUtils.framework */ = {isa = PBXFileReference; lastKnownFileType = wrapper.framework; path = ParseFacebookUtils.framework; sourceTree = "<group>"; };
		1A2B45411B13AE8700F4EC12 /* TinderCloneAssignment-Bridging-Header.h */ = {isa = PBXFileReference; lastKnownFileType = sourcecode.c.h; path = "TinderCloneAssignment-Bridging-Header.h"; sourceTree = "<group>"; };
/* End PBXFileReference section */

/* Begin PBXFrameworksBuildPhase section */
		1A2B44EB1B1391A600F4EC12 /* Frameworks */ = {
			isa = PBXFrameworksBuildPhase;
			buildActionMask = 2147483647;
			files = (
				1A2B45331B1396B100F4EC12 /* libstdc++.6.dylib in Frameworks */,
				1A2B45311B13969D00F4EC12 /* MobileCoreServices.framework in Frameworks */,
				1A2B452F1B13965100F4EC12 /* SystemConfiguration.framework in Frameworks */,
				1A2B452D1B13961400F4EC12 /* ParseUI.framework in Frameworks */,
				1A2B45281B13951600F4EC12 /* libsqlite3.dylib in Frameworks */,
				1A2B452C1B13961400F4EC12 /* ParseCrashReporting.framework in Frameworks */,
				1A2B45261B13950A00F4EC12 /* libz.1.1.3.dylib in Frameworks */,
				1A2B45241B1394F600F4EC12 /* CoreLocation.framework in Frameworks */,
				1A2B45361B13A29400F4EC12 /* ParseFacebookUtils.framework in Frameworks */,
				1A2B451B1B13943100F4EC12 /* FBSDKLoginKit.framework in Frameworks */,
				1A2B451A1B13943100F4EC12 /* FBSDKCoreKit.framework in Frameworks */,
				1A2B45221B1394E400F4EC12 /* ParseFacebookUtilsV4.framework in Frameworks */,
				1A2B451C1B13943100F4EC12 /* FBSDKShareKit.framework in Frameworks */,
				1A2B45201B1394E400F4EC12 /* Bolts.framework in Frameworks */,
				1A2B45211B1394E400F4EC12 /* Parse.framework in Frameworks */,
			);
			runOnlyForDeploymentPostprocessing = 0;
		};
		1A2B45001B1391A700F4EC12 /* Frameworks */ = {
			isa = PBXFrameworksBuildPhase;
			buildActionMask = 2147483647;
			files = (
			);
			runOnlyForDeploymentPostprocessing = 0;
		};
/* End PBXFrameworksBuildPhase section */

/* Begin PBXGroup section */
		1A2B44E51B1391A600F4EC12 = {
			isa = PBXGroup;
			children = (
				1A2B45291B1395EA00F4EC12 /* Frameworks */,
				1A2B45271B13951600F4EC12 /* libsqlite3.dylib */,
				1A2B45251B13950A00F4EC12 /* libz.1.1.3.dylib */,
				1A2B44F01B1391A600F4EC12 /* TinderCloneAssignment */,
				1A2B45061B1391A700F4EC12 /* TinderCloneAssignmentTests */,
				1A2B44EF1B1391A600F4EC12 /* Products */,
			);
			sourceTree = "<group>";
		};
		1A2B44EF1B1391A600F4EC12 /* Products */ = {
			isa = PBXGroup;
			children = (
				1A2B44EE1B1391A600F4EC12 /* TinderCloneAssignment.app */,
				1A2B45031B1391A700F4EC12 /* TinderCloneAssignmentTests.xctest */,
			);
			name = Products;
			sourceTree = "<group>";
		};
		1A2B44F01B1391A600F4EC12 /* TinderCloneAssignment */ = {
			isa = PBXGroup;
			children = (
				1A2B45161B13924300F4EC12 /* Controller */,
				1A2B45151B13923500F4EC12 /* Model */,
				1A2B44F31B1391A600F4EC12 /* AppDelegate.swift */,
				1A2B44F51B1391A600F4EC12 /* ViewController.swift */,
				1A2B44F71B1391A600F4EC12 /* Main.storyboard */,
				1A2B44FA1B1391A600F4EC12 /* Images.xcassets */,
				1A2B44FC1B1391A700F4EC12 /* LaunchScreen.xib */,
				1A2B44F11B1391A600F4EC12 /* Supporting Files */,
			);
			path = TinderCloneAssignment;
			sourceTree = "<group>";
		};
		1A2B44F11B1391A600F4EC12 /* Supporting Files */ = {
			isa = PBXGroup;
			children = (
				1A2B45341B13982C00F4EC12 /* TinderCloneAssignment-Bridging-Header.old.h */,
				1A2B44F21B1391A600F4EC12 /* Info.plist */,
				1A2B45411B13AE8700F4EC12 /* TinderCloneAssignment-Bridging-Header.h */,
			);
			name = "Supporting Files";
			sourceTree = "<group>";
		};
		1A2B45061B1391A700F4EC12 /* TinderCloneAssignmentTests */ = {
			isa = PBXGroup;
			children = (
				1A2B45091B1391A700F4EC12 /* TinderCloneAssignmentTests.swift */,
				1A2B45071B1391A700F4EC12 /* Supporting Files */,
			);
			path = TinderCloneAssignmentTests;
			sourceTree = "<group>";
		};
		1A2B45071B1391A700F4EC12 /* Supporting Files */ = {
			isa = PBXGroup;
			children = (
				1A2B45081B1391A700F4EC12 /* Info.plist */,
			);
			name = "Supporting Files";
			sourceTree = "<group>";
		};
		1A2B45151B13923500F4EC12 /* Model */ = {
			isa = PBXGroup;
			children = (
			);
			name = Model;
			sourceTree = "<group>";
		};
		1A2B45161B13924300F4EC12 /* Controller */ = {
			isa = PBXGroup;
			children = (
				1A2B45131B13923100F4EC12 /* LoginViewController.swift */,
			);
			name = Controller;
			sourceTree = "<group>";
		};
		1A2B45291B1395EA00F4EC12 /* Frameworks */ = {
			isa = PBXGroup;
			children = (
				1A2B45351B13A29400F4EC12 /* ParseFacebookUtils.framework */,
				1A2B45321B1396B100F4EC12 /* libstdc++.6.dylib */,
				1A2B45301B13969D00F4EC12 /* MobileCoreServices.framework */,
				1A2B45231B1394F600F4EC12 /* CoreLocation.framework */,
				1A2B452E1B13965100F4EC12 /* SystemConfiguration.framework */,
				1A2B451D1B1394E400F4EC12 /* Bolts.framework */,
				1A2B451E1B1394E400F4EC12 /* Parse.framework */,
				1A2B451F1B1394E400F4EC12 /* ParseFacebookUtilsV4.framework */,
				1A2B45171B13943100F4EC12 /* FBSDKCoreKit.framework */,
				1A2B45181B13943100F4EC12 /* FBSDKLoginKit.framework */,
				1A2B45191B13943100F4EC12 /* FBSDKShareKit.framework */,
				1A2B452A1B13961400F4EC12 /* ParseCrashReporting.framework */,
				1A2B452B1B13961400F4EC12 /* ParseUI.framework */,
			);
			name = Frameworks;
			sourceTree = "<group>";
		};
/* End PBXGroup section */

/* Begin PBXNativeTarget section */
		1A2B44ED1B1391A600F4EC12 /* TinderCloneAssignment */ = {
			isa = PBXNativeTarget;
			buildConfigurationList = 1A2B450D1B1391A700F4EC12 /* Build configuration list for PBXNativeTarget "TinderCloneAssignment" */;
			buildPhases = (
				1A2B44EA1B1391A600F4EC12 /* Sources */,
				1A2B44EB1B1391A600F4EC12 /* Frameworks */,
				1A2B44EC1B1391A600F4EC12 /* Resources */,
			);
			buildRules = (
			);
			dependencies = (
			);
			name = TinderCloneAssignment;
			productName = TinderCloneAssignment;
			productReference = 1A2B44EE1B1391A600F4EC12 /* TinderCloneAssignment.app */;
			productType = "com.apple.product-type.application";
		};
		1A2B45021B1391A700F4EC12 /* TinderCloneAssignmentTests */ = {
			isa = PBXNativeTarget;
			buildConfigurationList = 1A2B45101B1391A700F4EC12 /* Build configuration list for PBXNativeTarget "TinderCloneAssignmentTests" */;
			buildPhases = (
				1A2B44FF1B1391A700F4EC12 /* Sources */,
				1A2B45001B1391A700F4EC12 /* Frameworks */,
				1A2B45011B1391A700F4EC12 /* Resources */,
			);
			buildRules = (
			);
			dependencies = (
				1A2B45051B1391A700F4EC12 /* PBXTargetDependency */,
			);
			name = TinderCloneAssignmentTests;
			productName = TinderCloneAssignmentTests;
			productReference = 1A2B45031B1391A700F4EC12 /* TinderCloneAssignmentTests.xctest */;
			productType = "com.apple.product-type.bundle.unit-test";
		};
/* End PBXNativeTarget section */

/* Begin PBXProject section */
		1A2B44E61B1391A600F4EC12 /* Project object */ = {
			isa = PBXProject;
			attributes = {
				LastUpgradeCheck = 0630;
				ORGANIZATIONNAME = "Yung Dai";
				TargetAttributes = {
					1A2B44ED1B1391A600F4EC12 = {
						CreatedOnToolsVersion = 6.3.2;
					};
					1A2B45021B1391A700F4EC12 = {
						CreatedOnToolsVersion = 6.3.2;
						TestTargetID = 1A2B44ED1B1391A600F4EC12;
					};
				};
			};
			buildConfigurationList = 1A2B44E91B1391A600F4EC12 /* Build configuration list for PBXProject "TinderCloneAssignment" */;
			compatibilityVersion = "Xcode 3.2";
			developmentRegion = English;
			hasScannedForEncodings = 0;
			knownRegions = (
				en,
				Base,
			);
			mainGroup = 1A2B44E51B1391A600F4EC12;
			productRefGroup = 1A2B44EF1B1391A600F4EC12 /* Products */;
			projectDirPath = "";
			projectRoot = "";
			targets = (
				1A2B44ED1B1391A600F4EC12 /* TinderCloneAssignment */,
				1A2B45021B1391A700F4EC12 /* TinderCloneAssignmentTests */,
			);
		};
/* End PBXProject section */

/* Begin PBXResourcesBuildPhase section */
		1A2B44EC1B1391A600F4EC12 /* Resources */ = {
			isa = PBXResourcesBuildPhase;
			buildActionMask = 2147483647;
			files = (
				1A2B44F91B1391A600F4EC12 /* Main.storyboard in Resources */,
				1A2B44FE1B1391A700F4EC12 /* LaunchScreen.xib in Resources */,
				1A2B44FB1B1391A600F4EC12 /* Images.xcassets in Resources */,
			);
			runOnlyForDeploymentPostprocessing = 0;
		};
		1A2B45011B1391A700F4EC12 /* Resources */ = {
			isa = PBXResourcesBuildPhase;
			buildActionMask = 2147483647;
			files = (
			);
			runOnlyForDeploymentPostprocessing = 0;
		};
/* End PBXResourcesBuildPhase section */

/* Begin PBXSourcesBuildPhase section */
		1A2B44EA1B1391A600F4EC12 /* Sources */ = {
			isa = PBXSourcesBuildPhase;
			buildActionMask = 2147483647;
			files = (
				1A2B45141B13923100F4EC12 /* LoginViewController.swift in Sources */,
				1A2B44F61B1391A600F4EC12 /* ViewController.swift in Sources */,
				1A2B44F41B1391A600F4EC12 /* AppDelegate.swift in Sources */,
			);
			runOnlyForDeploymentPostprocessing = 0;
		};
		1A2B44FF1B1391A700F4EC12 /* Sources */ = {
			isa = PBXSourcesBuildPhase;
			buildActionMask = 2147483647;
			files = (
				1A2B450A1B1391A700F4EC12 /* TinderCloneAssignmentTests.swift in Sources */,
			);
			runOnlyForDeploymentPostprocessing = 0;
		};
/* End PBXSourcesBuildPhase section */

/* Begin PBXTargetDependency section */
		1A2B45051B1391A700F4EC12 /* PBXTargetDependency */ = {
			isa = PBXTargetDependency;
			target = 1A2B44ED1B1391A600F4EC12 /* TinderCloneAssignment */;
			targetProxy = 1A2B45041B1391A700F4EC12 /* PBXContainerItemProxy */;
		};
/* End PBXTargetDependency section */

/* Begin PBXVariantGroup section */
		1A2B44F71B1391A600F4EC12 /* Main.storyboard */ = {
			isa = PBXVariantGroup;
			children = (
				1A2B44F81B1391A600F4EC12 /* Base */,
			);
			name = Main.storyboard;
			sourceTree = "<group>";
		};
		1A2B44FC1B1391A700F4EC12 /* LaunchScreen.xib */ = {
			isa = PBXVariantGroup;
			children = (
				1A2B44FD1B1391A700F4EC12 /* Base */,
			);
			name = LaunchScreen.xib;
			sourceTree = "<group>";
		};
/* End PBXVariantGroup section */

/* Begin XCBuildConfiguration section */
		1A2B450B1B1391A700F4EC12 /* Debug */ = {
			isa = XCBuildConfiguration;
			buildSettings = {
				ALWAYS_SEARCH_USER_PATHS = NO;
				CLANG_CXX_LANGUAGE_STANDARD = "gnu++0x";
				CLANG_CXX_LIBRARY = "libc++";
				CLANG_ENABLE_MODULES = YES;
				CLANG_ENABLE_OBJC_ARC = YES;
				CLANG_WARN_BOOL_CONVERSION = YES;
				CLANG_WARN_CONSTANT_CONVERSION = YES;
				CLANG_WARN_DIRECT_OBJC_ISA_USAGE = YES_ERROR;
				CLANG_WARN_EMPTY_BODY = YES;
				CLANG_WARN_ENUM_CONVERSION = YES;
				CLANG_WARN_INT_CONVERSION = YES;
				CLANG_WARN_OBJC_ROOT_CLASS = YES_ERROR;
				CLANG_WARN_UNREACHABLE_CODE = YES;
				CLANG_WARN__DUPLICATE_METHOD_MATCH = YES;
				"CODE_SIGN_IDENTITY[sdk=iphoneos*]" = "iPhone Developer";
				COPY_PHASE_STRIP = NO;
				DEBUG_INFORMATION_FORMAT = "dwarf-with-dsym";
				ENABLE_STRICT_OBJC_MSGSEND = YES;
				GCC_C_LANGUAGE_STANDARD = gnu99;
				GCC_DYNAMIC_NO_PIC = NO;
				GCC_NO_COMMON_BLOCKS = YES;
				GCC_OPTIMIZATION_LEVEL = 0;
				GCC_PREPROCESSOR_DEFINITIONS = (
					"DEBUG=1",
					"$(inherited)",
				);
				GCC_SYMBOLS_PRIVATE_EXTERN = NO;
				GCC_WARN_64_TO_32_BIT_CONVERSION = YES;
				GCC_WARN_ABOUT_RETURN_TYPE = YES_ERROR;
				GCC_WARN_UNDECLARED_SELECTOR = YES;
				GCC_WARN_UNINITIALIZED_AUTOS = YES_AGGRESSIVE;
				GCC_WARN_UNUSED_FUNCTION = YES;
				GCC_WARN_UNUSED_VARIABLE = YES;
				IPHONEOS_DEPLOYMENT_TARGET = 8.3;
				MTL_ENABLE_DEBUG_INFO = YES;
				ONLY_ACTIVE_ARCH = YES;
				SDKROOT = iphoneos;
				SWIFT_OPTIMIZATION_LEVEL = "-Onone";
				TARGETED_DEVICE_FAMILY = "1,2";
			};
			name = Debug;
		};
		1A2B450C1B1391A700F4EC12 /* Release */ = {
			isa = XCBuildConfiguration;
			buildSettings = {
				ALWAYS_SEARCH_USER_PATHS = NO;
				CLANG_CXX_LANGUAGE_STANDARD = "gnu++0x";
				CLANG_CXX_LIBRARY = "libc++";
				CLANG_ENABLE_MODULES = YES;
				CLANG_ENABLE_OBJC_ARC = YES;
				CLANG_WARN_BOOL_CONVERSION = YES;
				CLANG_WARN_CONSTANT_CONVERSION = YES;
				CLANG_WARN_DIRECT_OBJC_ISA_USAGE = YES_ERROR;
				CLANG_WARN_EMPTY_BODY = YES;
				CLANG_WARN_ENUM_CONVERSION = YES;
				CLANG_WARN_INT_CONVERSION = YES;
				CLANG_WARN_OBJC_ROOT_CLASS = YES_ERROR;
				CLANG_WARN_UNREACHABLE_CODE = YES;
				CLANG_WARN__DUPLICATE_METHOD_MATCH = YES;
				"CODE_SIGN_IDENTITY[sdk=iphoneos*]" = "iPhone Developer";
				COPY_PHASE_STRIP = NO;
				DEBUG_INFORMATION_FORMAT = "dwarf-with-dsym";
				ENABLE_NS_ASSERTIONS = NO;
				ENABLE_STRICT_OBJC_MSGSEND = YES;
				GCC_C_LANGUAGE_STANDARD = gnu99;
				GCC_NO_COMMON_BLOCKS = YES;
				GCC_WARN_64_TO_32_BIT_CONVERSION = YES;
				GCC_WARN_ABOUT_RETURN_TYPE = YES_ERROR;
				GCC_WARN_UNDECLARED_SELECTOR = YES;
				GCC_WARN_UNINITIALIZED_AUTOS = YES_AGGRESSIVE;
				GCC_WARN_UNUSED_FUNCTION = YES;
				GCC_WARN_UNUSED_VARIABLE = YES;
				IPHONEOS_DEPLOYMENT_TARGET = 8.3;
				MTL_ENABLE_DEBUG_INFO = NO;
				SDKROOT = iphoneos;
				TARGETED_DEVICE_FAMILY = "1,2";
				VALIDATE_PRODUCT = YES;
			};
			name = Release;
		};
		1A2B450E1B1391A700F4EC12 /* Debug */ = {
			isa = XCBuildConfiguration;
			buildSettings = {
				ASSETCATALOG_COMPILER_APPICON_NAME = AppIcon;
				CLANG_ENABLE_MODULES = YES;
				FRAMEWORK_SEARCH_PATHS = (
					"$(inherited)",
					"$(PROJECT_DIR)/TinderCloneAssignment",
					"$(PROJECT_DIR)",
				);
				INFOPLIST_FILE = TinderCloneAssignment/Info.plist;
				LD_RUNPATH_SEARCH_PATHS = "$(inherited) @executable_path/Frameworks";
				PRODUCT_NAME = "$(TARGET_NAME)";
				SWIFT_OBJC_BRIDGING_HEADER = "TinderCloneAssignment-Bridging-Header.h";
				SWIFT_OBJC_INTERFACE_HEADER_NAME = "";
				SWIFT_OPTIMIZATION_LEVEL = "-Onone";
			};
			name = Debug;
		};
		1A2B450F1B1391A700F4EC12 /* Release */ = {
			isa = XCBuildConfiguration;
			buildSettings = {
				ASSETCATALOG_COMPILER_APPICON_NAME = AppIcon;
				CLANG_ENABLE_MODULES = YES;
				FRAMEWORK_SEARCH_PATHS = (
					"$(inherited)",
					"$(PROJECT_DIR)/TinderCloneAssignment",
					"$(PROJECT_DIR)",
				);
				INFOPLIST_FILE = TinderCloneAssignment/Info.plist;
				LD_RUNPATH_SEARCH_PATHS = "$(inherited) @executable_path/Frameworks";
				PRODUCT_NAME = "$(TARGET_NAME)";
				SWIFT_OBJC_BRIDGING_HEADER = "TinderCloneAssignment-Bridging-Header.h";
				SWIFT_OBJC_INTERFACE_HEADER_NAME = "";
			};
			name = Release;
		};
		1A2B45111B1391A700F4EC12 /* Debug */ = {
			isa = XCBuildConfiguration;
			buildSettings = {
				BUNDLE_LOADER = "$(TEST_HOST)";
				FRAMEWORK_SEARCH_PATHS = (
					"$(SDKROOT)/Developer/Library/Frameworks",
					"$(inherited)",
				);
				GCC_PREPROCESSOR_DEFINITIONS = (
					"DEBUG=1",
					"$(inherited)",
				);
				INFOPLIST_FILE = TinderCloneAssignmentTests/Info.plist;
				LD_RUNPATH_SEARCH_PATHS = "$(inherited) @executable_path/Frameworks @loader_path/Frameworks";
				PRODUCT_NAME = "$(TARGET_NAME)";
				TEST_HOST = "$(BUILT_PRODUCTS_DIR)/TinderCloneAssignment.app/TinderCloneAssignment";
			};
			name = Debug;
		};
		1A2B45121B1391A700F4EC12 /* Release */ = {
			isa = XCBuildConfiguration;
			buildSettings = {
				BUNDLE_LOADER = "$(TEST_HOST)";
				FRAMEWORK_SEARCH_PATHS = (
					"$(SDKROOT)/Developer/Library/Frameworks",
					"$(inherited)",
				);
				INFOPLIST_FILE = TinderCloneAssignmentTests/Info.plist;
				LD_RUNPATH_SEARCH_PATHS = "$(inherited) @executable_path/Frameworks @loader_path/Frameworks";
				PRODUCT_NAME = "$(TARGET_NAME)";
				TEST_HOST = "$(BUILT_PRODUCTS_DIR)/TinderCloneAssignment.app/TinderCloneAssignment";
			};
			name = Release;
		};
/* End XCBuildConfiguration section */

/* Begin XCConfigurationList section */
		1A2B44E91B1391A600F4EC12 /* Build configuration list for PBXProject "TinderCloneAssignment" */ = {
			isa = XCConfigurationList;
			buildConfigurations = (
				1A2B450B1B1391A700F4EC12 /* Debug */,
				1A2B450C1B1391A700F4EC12 /* Release */,
			);
			defaultConfigurationIsVisible = 0;
			defaultConfigurationName = Release;
		};
		1A2B450D1B1391A700F4EC12 /* Build configuration list for PBXNativeTarget "TinderCloneAssignment" */ = {
			isa = XCConfigurationList;
			buildConfigurations = (
				1A2B450E1B1391A700F4EC12 /* Debug */,
				1A2B450F1B1391A700F4EC12 /* Release */,
			);
			defaultConfigurationIsVisible = 0;
		};
		1A2B45101B1391A700F4EC12 /* Build configuration list for PBXNativeTarget "TinderCloneAssignmentTests" */ = {
			isa = XCConfigurationList;
			buildConfigurations = (
				1A2B45111B1391A700F4EC12 /* Debug */,
				1A2B45121B1391A700F4EC12 /* Release */,
			);
			defaultConfigurationIsVisible = 0;
		};
/* End XCConfigurationList section */
	};
	rootObject = 1A2B44E61B1391A600F4EC12 /* Project object */;
}
